{
  "name": "sap-ui5-xss",
  "version": "1.0.0",
  "lockfileVersion": 3,
  "requires": true,
  "packages": {
    "": {
      "name": "sap-ui5-xss",
      "version": "1.0.0",
      "dependencies": {
        "@sapui5/sap.ui.vk": "^1.150.0"
      }
    },
    "node_modules/@sapui5/sap.ui.vk": {
      "version": "1.150.0",
      "resolved": "https://registry.npmjs.org/@sapui5/sap.ui.vk/-/sap.ui.vk-1.150.0.tgz",
      "integrity": "sha512-zXdPQ/vwQog5dafKneWQojum/vJ3Xxf/IBLeX6nEdYz0D2fUrsQEpX0Hk+pspNVP8gAq5vckGbt5r4NW+DjfOw==",
      "license": "SEE LICENSE IN LICENSE.txt"
    }
  }
}
